// !$*UTF8*$!
{
	archiveVersion = 1;
	classes = {
	};
	objectVersion = 46;
	objects = {

/* Begin PBXBuildFile section */
		F4371EFA1980D31600B79EC9 /* AppDelegate.swift in Sources */ = {isa = PBXBuildFile; fileRef = F4371EF91980D31600B79EC9 /* AppDelegate.swift */; };
		F4371EFC1980D31600B79EC9 /* ViewController.swift in Sources */ = {isa = PBXBuildFile; fileRef = F4371EFB1980D31600B79EC9 /* ViewController.swift */; };
		F4371EFF1980D31600B79EC9 /* Main.storyboard in Resources */ = {isa = PBXBuildFile; fileRef = F4371EFD1980D31600B79EC9 /* Main.storyboard */; };
		F4371F011980D31600B79EC9 /* Images.xcassets in Resources */ = {isa = PBXBuildFile; fileRef = F4371F001980D31600B79EC9 /* Images.xcassets */; };
		F4371F0D1980D31600B79EC9 /* CloudKitChatTests.swift in Sources */ = {isa = PBXBuildFile; fileRef = F4371F0C1980D31600B79EC9 /* CloudKitChatTests.swift */; };
/* End PBXBuildFile section */

/* Begin PBXContainerItemProxy section */
		F4371F071980D31600B79EC9 /* PBXContainerItemProxy */ = {
			isa = PBXContainerItemProxy;
			containerPortal = F4371EEC1980D31600B79EC9 /* Project object */;
			proxyType = 1;
			remoteGlobalIDString = F4371EF31980D31600B79EC9;
			remoteInfo = CloudKitChat;
		};
/* End PBXContainerItemProxy section */

/* Begin PBXFileReference section */
		F4371EF41980D31600B79EC9 /* CloudKitChat.app */ = {isa = PBXFileReference; explicitFileType = wrapper.application; includeInIndex = 0; path = CloudKitChat.app; sourceTree = BUILT_PRODUCTS_DIR; };
		F4371EF81980D31600B79EC9 /* Info.plist */ = {isa = PBXFileReference; lastKnownFileType = text.plist.xml; path = Info.plist; sourceTree = "<group>"; };
		F4371EF91980D31600B79EC9 /* AppDelegate.swift */ = {isa = PBXFileReference; lastKnownFileType = sourcecode.swift; path = AppDelegate.swift; sourceTree = "<group>"; };
		F4371EFB1980D31600B79EC9 /* ViewController.swift */ = {isa = PBXFileReference; lastKnownFileType = sourcecode.swift; path = ViewController.swift; sourceTree = "<group>"; };
		F4371EFE1980D31600B79EC9 /* Base */ = {isa = PBXFileReference; lastKnownFileType = file.storyboard; name = Base; path = Base.lproj/Main.storyboard; sourceTree = "<group>"; };
		F4371F001980D31600B79EC9 /* Images.xcassets */ = {isa = PBXFileReference; lastKnownFileType = folder.assetcatalog; path = Images.xcassets; sourceTree = "<group>"; };
		F4371F061980D31600B79EC9 /* CloudKitChatTests.xctest */ = {isa = PBXFileReference; explicitFileType = wrapper.cfbundle; includeInIndex = 0; path = CloudKitChatTests.xctest; sourceTree = BUILT_PRODUCTS_DIR; };
		F4371F0B1980D31600B79EC9 /* Info.plist */ = {isa = PBXFileReference; lastKnownFileType = text.plist.xml; path = Info.plist; sourceTree = "<group>"; };
		F4371F0C1980D31600B79EC9 /* CloudKitChatTests.swift */ = {isa = PBXFileReference; lastKnownFileType = sourcecode.swift; path = CloudKitChatTests.swift; sourceTree = "<group>"; };
/* End PBXFileReference section */

/* Begin PBXFrameworksBuildPhase section */
		F4371EF11980D31600B79EC9 /* Frameworks */ = {
			isa = PBXFrameworksBuildPhase;
			buildActionMask = 2147483647;
			files = (
			);
			runOnlyForDeploymentPostprocessing = 0;
		};
		F4371F031980D31600B79EC9 /* Frameworks */ = {
			isa = PBXFrameworksBuildPhase;
			buildActionMask = 2147483647;
			files = (
			);
			runOnlyForDeploymentPostprocessing = 0;
		};
/* End PBXFrameworksBuildPhase section */

/* Begin PBXGroup section */
		F4371EEB1980D31600B79EC9 = {
			isa = PBXGroup;
			children = (
				F4371EF61980D31600B79EC9 /* CloudKitChat */,
				F4371F091980D31600B79EC9 /* CloudKitChatTests */,
				F4371EF51980D31600B79EC9 /* Products */,
			);
			sourceTree = "<group>";
		};
		F4371EF51980D31600B79EC9 /* Products */ = {
			isa = PBXGroup;
			children = (
				F4371EF41980D31600B79EC9 /* CloudKitChat.app */,
				F4371F061980D31600B79EC9 /* CloudKitChatTests.xctest */,
			);
			name = Products;
			sourceTree = "<group>";
		};
		F4371EF61980D31600B79EC9 /* CloudKitChat */ = {
			isa = PBXGroup;
			children = (
				F4371EF91980D31600B79EC9 /* AppDelegate.swift */,
				F4371EFB1980D31600B79EC9 /* ViewController.swift */,
				F4371EFD1980D31600B79EC9 /* Main.storyboard */,
				F4371F001980D31600B79EC9 /* Images.xcassets */,
				F4371EF71980D31600B79EC9 /* Supporting Files */,
			);
			path = CloudKitChat;
			sourceTree = "<group>";
		};
		F4371EF71980D31600B79EC9 /* Supporting Files */ = {
			isa = PBXGroup;
			children = (
				F4371EF81980D31600B79EC9 /* Info.plist */,
			);
			name = "Supporting Files";
			sourceTree = "<group>";
		};
		F4371F091980D31600B79EC9 /* CloudKitChatTests */ = {
			isa = PBXGroup;
			children = (
				F4371F0C1980D31600B79EC9 /* CloudKitChatTests.swift */,
				F4371F0A1980D31600B79EC9 /* Supporting Files */,
			);
			path = CloudKitChatTests;
			sourceTree = "<group>";
		};
		F4371F0A1980D31600B79EC9 /* Supporting Files */ = {
			isa = PBXGroup;
			children = (
				F4371F0B1980D31600B79EC9 /* Info.plist */,
			);
			name = "Supporting Files";
			sourceTree = "<group>";
		};
/* End PBXGroup section */

/* Begin PBXNativeTarget section */
		F4371EF31980D31600B79EC9 /* CloudKitChat */ = {
			isa = PBXNativeTarget;
			buildConfigurationList = F4371F101980D31600B79EC9 /* Build configuration list for PBXNativeTarget "CloudKitChat" */;
			buildPhases = (
				F4371EF01980D31600B79EC9 /* Sources */,
				F4371EF11980D31600B79EC9 /* Frameworks */,
				F4371EF21980D31600B79EC9 /* Resources */,
			);
			buildRules = (
			);
			dependencies = (
			);
			name = CloudKitChat;
			productName = CloudKitChat;
			productReference = F4371EF41980D31600B79EC9 /* CloudKitChat.app */;
			productType = "com.apple.product-type.application";
		};
		F4371F051980D31600B79EC9 /* CloudKitChatTests */ = {
			isa = PBXNativeTarget;
			buildConfigurationList = F4371F131980D31600B79EC9 /* Build configuration list for PBXNativeTarget "CloudKitChatTests" */;
			buildPhases = (
				F4371F021980D31600B79EC9 /* Sources */,
				F4371F031980D31600B79EC9 /* Frameworks */,
				F4371F041980D31600B79EC9 /* Resources */,
			);
			buildRules = (
			);
			dependencies = (
				F4371F081980D31600B79EC9 /* PBXTargetDependency */,
			);
			name = CloudKitChatTests;
			productName = CloudKitChatTests;
			productReference = F4371F061980D31600B79EC9 /* CloudKitChatTests.xctest */;
			productType = "com.apple.product-type.bundle.unit-test";
		};
/* End PBXNativeTarget section */

/* Begin PBXProject section */
		F4371EEC1980D31600B79EC9 /* Project object */ = {
			isa = PBXProject;
			attributes = {
				LastUpgradeCheck = 0600;
				ORGANIZATIONNAME = DJ.Ben;
				TargetAttributes = {
					F4371EF31980D31600B79EC9 = {
						CreatedOnToolsVersion = 6.0;
					};
					F4371F051980D31600B79EC9 = {
						CreatedOnToolsVersion = 6.0;
						TestTargetID = F4371EF31980D31600B79EC9;
					};
				};
			};
			buildConfigurationList = F4371EEF1980D31600B79EC9 /* Build configuration list for PBXProject "CloudKitChat" */;
			compatibilityVersion = "Xcode 3.2";
			developmentRegion = English;
			hasScannedForEncodings = 0;
			knownRegions = (
				en,
				Base,
			);
			mainGroup = F4371EEB1980D31600B79EC9;
			productRefGroup = F4371EF51980D31600B79EC9 /* Products */;
			projectDirPath = "";
			projectRoot = "";
			targets = (
				F4371EF31980D31600B79EC9 /* CloudKitChat */,
				F4371F051980D31600B79EC9 /* CloudKitChatTests */,
			);
		};
/* End PBXProject section */

/* Begin PBXResourcesBuildPhase section */
		F4371EF21980D31600B79EC9 /* Resources */ = {
			isa = PBXResourcesBuildPhase;
			buildActionMask = 2147483647;
			files = (
				F4371EFF1980D31600B79EC9 /* Main.storyboard in Resources */,
				F4371F011980D31600B79EC9 /* Images.xcassets in Resources */,
			);
			runOnlyForDeploymentPostprocessing = 0;
		};
		F4371F041980D31600B79EC9 /* Resources */ = {
			isa = PBXResourcesBuildPhase;
			buildActionMask = 2147483647;
			files = (
			);
			runOnlyForDeploymentPostprocessing = 0;
		};
/* End PBXResourcesBuildPhase section */

/* Begin PBXSourcesBuildPhase section */
		F4371EF01980D31600B79EC9 /* Sources */ = {
			isa = PBXSourcesBuildPhase;
			buildActionMask = 2147483647;
			files = (
				F4371EFC1980D31600B79EC9 /* ViewController.swift in Sources */,
				F4371EFA1980D31600B79EC9 /* AppDelegate.swift in Sources */,
			);
			runOnlyForDeploymentPostprocessing = 0;
		};
		F4371F021980D31600B79EC9 /* Sources */ = {
			isa = PBXSourcesBuildPhase;
			buildActionMask = 2147483647;
			files = (
				F4371F0D1980D31600B79EC9 /* CloudKitChatTests.swift in Sources */,
			);
			runOnlyForDeploymentPostprocessing = 0;
		};
/* End PBXSourcesBuildPhase section */

/* Begin PBXTargetDependency section */
		F4371F081980D31600B79EC9 /* PBXTargetDependency */ = {
			isa = PBXTargetDependency;
			target = F4371EF31980D31600B79EC9 /* CloudKitChat */;
			targetProxy = F4371F071980D31600B79EC9 /* PBXContainerItemProxy */;
		};
/* End PBXTargetDependency section */

/* Begin PBXVariantGroup section */
		F4371EFD1980D31600B79EC9 /* Main.storyboard */ = {
			isa = PBXVariantGroup;
			children = (
				F4371EFE1980D31600B79EC9 /* Base */,
			);
			name = Main.storyboard;
			sourceTree = "<group>";
		};
/* End PBXVariantGroup section */

/* Begin XCBuildConfiguration section */
		F4371F0E1980D31600B79EC9 /* Debug */ = {
			isa = XCBuildConfiguration;
			buildSettings = {
				ALWAYS_SEARCH_USER_PATHS = NO;
				CLANG_CXX_LANGUAGE_STANDARD = "gnu++0x";
				CLANG_CXX_LIBRARY = "libc++";
				CLANG_ENABLE_MODULES = YES;
				CLANG_ENABLE_OBJC_ARC = YES;
				CLANG_WARN_BOOL_CONVERSION = YES;
				CLANG_WARN_CONSTANT_CONVERSION = YES;
				CLANG_WARN_DIRECT_OBJC_ISA_USAGE = YES_ERROR;
				CLANG_WARN_EMPTY_BODY = YES;
				CLANG_WARN_ENUM_CONVERSION = YES;
				CLANG_WARN_INT_CONVERSION = YES;
				CLANG_WARN_OBJC_ROOT_CLASS = YES_ERROR;
				CLANG_WARN_UNREACHABLE_CODE = YES;
				CLANG_WARN__DUPLICATE_METHOD_MATCH = YES;
				"CODE_SIGN_IDENTITY[sdk=iphoneos*]" = "iPhone Developer";
				COPY_PHASE_STRIP = NO;
				ENABLE_STRICT_OBJC_MSGSEND = YES;
				GCC_C_LANGUAGE_STANDARD = gnu99;
				GCC_DYNAMIC_NO_PIC = NO;
				GCC_OPTIMIZATION_LEVEL = 0;
				GCC_PREPROCESSOR_DEFINITIONS = (
					"DEBUG=1",
					"$(inherited)",
				);
				GCC_SYMBOLS_PRIVATE_EXTERN = NO;
				GCC_WARN_64_TO_32_BIT_CONVERSION = YES;
				GCC_WARN_ABOUT_RETURN_TYPE = YES_ERROR;
				GCC_WARN_UNDECLARED_SELECTOR = YES;
				GCC_WARN_UNINITIALIZED_AUTOS = YES_AGGRESSIVE;
				GCC_WARN_UNUSED_FUNCTION = YES;
				GCC_WARN_UNUSED_VARIABLE = YES;
				IPHONEOS_DEPLOYMENT_TARGET = 8.0;
				MTL_ENABLE_DEBUG_INFO = YES;
				ONLY_ACTIVE_ARCH = YES;
				SDKROOT = iphoneos;
				SWIFT_OPTIMIZATION_LEVEL = "-Onone";
			};
			name = Debug;
		};
		F4371F0F1980D31600B79EC9 /* Release */ = {
			isa = XCBuildConfiguration;
			buildSettings = {
				ALWAYS_SEARCH_USER_PATHS = NO;
				CLANG_CXX_LANGUAGE_STANDARD = "gnu++0x";
				CLANG_CXX_LIBRARY = "libc++";
				CLANG_ENABLE_MODULES = YES;
				CLANG_ENABLE_OBJC_ARC = YES;
				CLANG_WARN_BOOL_CONVERSION = YES;
				CLANG_WARN_CONSTANT_CONVERSION = YES;
				CLANG_WARN_DIRECT_OBJC_ISA_USAGE = YES_ERROR;
				CLANG_WARN_EMPTY_BODY = YES;
				CLANG_WARN_ENUM_CONVERSION = YES;
				CLANG_WARN_INT_CONVERSION = YES;
				CLANG_WARN_OBJC_ROOT_CLASS = YES_ERROR;
				CLANG_WARN_UNREACHABLE_CODE = YES;
				CLANG_WARN__DUPLICATE_METHOD_MATCH = YES;
				"CODE_SIGN_IDENTITY[sdk=iphoneos*]" = "iPhone Developer";
				COPY_PHASE_STRIP = YES;
				ENABLE_NS_ASSERTIONS = NO;
				ENABLE_STRICT_OBJC_MSGSEND = YES;
				GCC_C_LANGUAGE_STANDARD = gnu99;
				GCC_WARN_64_TO_32_BIT_CONVERSION = YES;
				GCC_WARN_ABOUT_RETURN_TYPE = YES_ERROR;
				GCC_WARN_UNDECLARED_SELECTOR = YES;
				GCC_WARN_UNINITIALIZED_AUTOS = YES_AGGRESSIVE;
				GCC_WARN_UNUSED_FUNCTION = YES;
				GCC_WARN_UNUSED_VARIABLE = YES;
				IPHONEOS_DEPLOYMENT_TARGET = 8.0;
				MTL_ENABLE_DEBUG_INFO = NO;
				SDKROOT = iphoneos;
				VALIDATE_PRODUCT = YES;
			};
			name = Release;
		};
		F4371F111980D31600B79EC9 /* Debug */ = {
			isa = XCBuildConfiguration;
			buildSettings = {
				ASSETCATALOG_COMPILER_APPICON_NAME = AppIcon;
				ASSETCATALOG_COMPILER_LAUNCHIMAGE_NAME = LaunchImage;
				INFOPLIST_FILE = CloudKitChat/Info.plist;
				LD_RUNPATH_SEARCH_PATHS = "$(inherited) @executable_path/Frameworks";
				PRODUCT_NAME = "$(TARGET_NAME)";
			};
			name = Debug;
		};
		F4371F121980D31600B79EC9 /* Release */ = {
			isa = XCBuildConfiguration;
			buildSettings = {
				ASSETCATALOG_COMPILER_APPICON_NAME = AppIcon;
				ASSETCATALOG_COMPILER_LAUNCHIMAGE_NAME = LaunchImage;
				INFOPLIST_FILE = CloudKitChat/Info.plist;
				LD_RUNPATH_SEARCH_PATHS = "$(inherited) @executable_path/Frameworks";
				PRODUCT_NAME = "$(TARGET_NAME)";
			};
			name = Release;
		};
		F4371F141980D31600B79EC9 /* Debug */ = {
			isa = XCBuildConfiguration;
			buildSettings = {
				BUNDLE_LOADER = "$(BUILT_PRODUCTS_DIR)/CloudKitChat.app/CloudKitChat";
				FRAMEWORK_SEARCH_PATHS = (
					"$(SDKROOT)/Developer/Library/Frameworks",
					"$(inherited)",
				);
				GCC_PREPROCESSOR_DEFINITIONS = (
					"DEBUG=1",
					"$(inherited)",
				);
				INFOPLIST_FILE = CloudKitChatTests/Info.plist;
				LD_RUNPATH_SEARCH_PATHS = "$(inherited) @executable_path/Frameworks @loader_path/Frameworks";
				PRODUCT_NAME = "$(TARGET_NAME)";
				TEST_HOST = "$(BUNDLE_LOADER)";
			};
			name = Debug;
		};
		F4371F151980D31600B79EC9 /* Release */ = {
			isa = XCBuildConfiguration;
			buildSettings = {
				BUNDLE_LOADER = "$(BUILT_PRODUCTS_DIR)/CloudKitChat.app/CloudKitChat";
				FRAMEWORK_SEARCH_PATHS = (
					"$(SDKROOT)/Developer/Library/Frameworks",
					"$(inherited)",
				);
				INFOPLIST_FILE = CloudKitChatTests/Info.plist;
				LD_RUNPATH_SEARCH_PATHS = "$(inherited) @executable_path/Frameworks @loader_path/Frameworks";
				PRODUCT_NAME = "$(TARGET_NAME)";
				TEST_HOST = "$(BUNDLE_LOADER)";
			};
			name = Release;
		};
/* End XCBuildConfiguration section */

/* Begin XCConfigurationList section */
		F4371EEF1980D31600B79EC9 /* Build configuration list for PBXProject "CloudKitChat" */ = {
			isa = XCConfigurationList;
			buildConfigurations = (
				F4371F0E1980D31600B79EC9 /* Debug */,
				F4371F0F1980D31600B79EC9 /* Release */,
			);
			defaultConfigurationIsVisible = 0;
			defaultConfigurationName = Release;
		};
		F4371F101980D31600B79EC9 /* Build configuration list for PBXNativeTarget "CloudKitChat" */ = {
			isa = XCConfigurationList;
			buildConfigurations = (
				F4371F111980D31600B79EC9 /* Debug */,
				F4371F121980D31600B79EC9 /* Release */,
			);
			defaultConfigurationIsVisible = 0;
		};
		F4371F131980D31600B79EC9 /* Build configuration list for PBXNativeTarget "CloudKitChatTests" */ = {
			isa = XCConfigurationList;
			buildConfigurations = (
				F4371F141980D31600B79EC9 /* Debug */,
				F4371F151980D31600B79EC9 /* Release */,
			);
			defaultConfigurationIsVisible = 0;
		};
/* End XCConfigurationList section */
	};
	rootObject = F4371EEC1980D31600B79EC9 /* Project object */;
}
