// !$*UTF8*$!
{
	archiveVersion = 1;
	classes = {
	};
	objectVersion = 46;
	objects = {

/* Begin PBXBuildFile section */
		8F880A6AD30945369E7090C4 /* libPods.a in Frameworks */ = {isa = PBXBuildFile; fileRef = 1ED74E8C6E6640FA91D8A25D /* libPods.a */; };
		F410291D19A93427006B208D /* FindFriendsViewController.swift in Sources */ = {isa = PBXBuildFile; fileRef = F410291C19A93427006B208D /* FindFriendsViewController.swift */; };
		F410292019A93457006B208D /* ChatGroup.swift in Sources */ = {isa = PBXBuildFile; fileRef = F410291E19A93457006B208D /* ChatGroup.swift */; };
		F410292119A93457006B208D /* Message.swift in Sources */ = {isa = PBXBuildFile; fileRef = F410291F19A93457006B208D /* Message.swift */; };
		F410292519A93481006B208D /* CloudKitManager.swift in Sources */ = {isa = PBXBuildFile; fileRef = F410292219A93481006B208D /* CloudKitManager.swift */; };
		F410292619A93481006B208D /* ErrorUtil.swift in Sources */ = {isa = PBXBuildFile; fileRef = F410292319A93481006B208D /* ErrorUtil.swift */; };
		F410292719A93481006B208D /* OutboxUtil.swift in Sources */ = {isa = PBXBuildFile; fileRef = F410292419A93481006B208D /* OutboxUtil.swift */; };
		F410292A19A9B280006B208D /* FriendTableViewCell.swift in Sources */ = {isa = PBXBuildFile; fileRef = F410292919A9B280006B208D /* FriendTableViewCell.swift */; };
		F410292C19A9DA68006B208D /* ChatGroupNameTableViewCell.swift in Sources */ = {isa = PBXBuildFile; fileRef = F410292B19A9DA68006B208D /* ChatGroupNameTableViewCell.swift */; };
		F4371EFA1980D31600B79EC9 /* AppDelegate.swift in Sources */ = {isa = PBXBuildFile; fileRef = F4371EF91980D31600B79EC9 /* AppDelegate.swift */; };
		F4371EFF1980D31600B79EC9 /* Main.storyboard in Resources */ = {isa = PBXBuildFile; fileRef = F4371EFD1980D31600B79EC9 /* Main.storyboard */; };
		F4371F011980D31600B79EC9 /* Images.xcassets in Resources */ = {isa = PBXBuildFile; fileRef = F4371F001980D31600B79EC9 /* Images.xcassets */; };
		F4371F0D1980D31600B79EC9 /* CloudKitChatTests.swift in Sources */ = {isa = PBXBuildFile; fileRef = F4371F0C1980D31600B79EC9 /* CloudKitChatTests.swift */; };
		F43C48BB1980D594005CA1F5 /* User.swift in Sources */ = {isa = PBXBuildFile; fileRef = F43C48BA1980D594005CA1F5 /* User.swift */; };
		F43C48C41980D876005CA1F5 /* CloudKit.framework in Frameworks */ = {isa = PBXBuildFile; fileRef = F43C48C31980D876005CA1F5 /* CloudKit.framework */; };
		F43C48CA198240E6005CA1F5 /* CloudKitQueriable.swift in Sources */ = {isa = PBXBuildFile; fileRef = F43C48C9198240E6005CA1F5 /* CloudKitQueriable.swift */; };
		F451FBD419AB002D0063AD28 /* AudioUtil.swift in Sources */ = {isa = PBXBuildFile; fileRef = F451FBD319AB002D0063AD28 /* AudioUtil.swift */; };
		F46DE3101988749B0051899A /* IntroViewController.swift in Sources */ = {isa = PBXBuildFile; fileRef = F46DE30F1988749B0051899A /* IntroViewController.swift */; };
		F4A2629E1986F1CB003AD7EB /* ChatCell.swift in Sources */ = {isa = PBXBuildFile; fileRef = F4A2629A1986F1CB003AD7EB /* ChatCell.swift */; };
		F4A2629F1986F1CB003AD7EB /* ChatViewController.swift in Sources */ = {isa = PBXBuildFile; fileRef = F4A2629B1986F1CB003AD7EB /* ChatViewController.swift */; };
		F4A262A01986F1CB003AD7EB /* MessageBubbleCell.swift in Sources */ = {isa = PBXBuildFile; fileRef = F4A2629C1986F1CB003AD7EB /* MessageBubbleCell.swift */; };
		F4A262A11986F1CB003AD7EB /* MessageSentDateCell.swift in Sources */ = {isa = PBXBuildFile; fileRef = F4A2629D1986F1CB003AD7EB /* MessageSentDateCell.swift */; };
		F4A262A419877A75003AD7EB /* MessageIncoming.aiff in Resources */ = {isa = PBXBuildFile; fileRef = F4A262A219877A75003AD7EB /* MessageIncoming.aiff */; };
		F4A262A519877A75003AD7EB /* MessageOutgoing.aiff in Resources */ = {isa = PBXBuildFile; fileRef = F4A262A319877A75003AD7EB /* MessageOutgoing.aiff */; };
		F4A262AA19877F90003AD7EB /* ChatGroupViewController.swift in Sources */ = {isa = PBXBuildFile; fileRef = F4A262A919877F90003AD7EB /* ChatGroupViewController.swift */; };
		F4BE40AA1994358D005F068F /* Foundation.framework in Frameworks */ = {isa = PBXBuildFile; fileRef = F4BE40A91994358D005F068F /* Foundation.framework */; };
/* End PBXBuildFile section */

/* Begin PBXContainerItemProxy section */
		F427FDA61982CF2400D9A225 /* PBXContainerItemProxy */ = {
			isa = PBXContainerItemProxy;
			containerPortal = F4371EEC1980D31600B79EC9 /* Project object */;
			proxyType = 1;
			remoteGlobalIDString = F4371EF31980D31600B79EC9;
			remoteInfo = CloudKitChat;
		};
		F427FDA81982CF2400D9A225 /* PBXContainerItemProxy */ = {
			isa = PBXContainerItemProxy;
			containerPortal = F4371EEC1980D31600B79EC9 /* Project object */;
			proxyType = 1;
			remoteGlobalIDString = F4371EF31980D31600B79EC9;
			remoteInfo = CloudKitChat;
		};
		F427FDAA1982CF2800D9A225 /* PBXContainerItemProxy */ = {
			isa = PBXContainerItemProxy;
			containerPortal = F4371EEC1980D31600B79EC9 /* Project object */;
			proxyType = 1;
			remoteGlobalIDString = F4371EF31980D31600B79EC9;
			remoteInfo = CloudKitChat;
		};
		F427FDAC1982CF2B00D9A225 /* PBXContainerItemProxy */ = {
			isa = PBXContainerItemProxy;
			containerPortal = F4371EEC1980D31600B79EC9 /* Project object */;
			proxyType = 1;
			remoteGlobalIDString = F4371EF31980D31600B79EC9;
			remoteInfo = CloudKitChat;
		};
		F427FDAE198317F800D9A225 /* PBXContainerItemProxy */ = {
			isa = PBXContainerItemProxy;
			containerPortal = F4371EEC1980D31600B79EC9 /* Project object */;
			proxyType = 1;
			remoteGlobalIDString = F4371EF31980D31600B79EC9;
			remoteInfo = CloudKitChat;
		};
		F427FDB01984F2FE00D9A225 /* PBXContainerItemProxy */ = {
			isa = PBXContainerItemProxy;
			containerPortal = F4371EEC1980D31600B79EC9 /* Project object */;
			proxyType = 1;
			remoteGlobalIDString = F4371EF31980D31600B79EC9;
			remoteInfo = CloudKitChat;
		};
		F427FDB21984F2FE00D9A225 /* PBXContainerItemProxy */ = {
			isa = PBXContainerItemProxy;
			containerPortal = F4371EEC1980D31600B79EC9 /* Project object */;
			proxyType = 1;
			remoteGlobalIDString = F4371EF31980D31600B79EC9;
			remoteInfo = CloudKitChat;
		};
		F427FDB41984F30300D9A225 /* PBXContainerItemProxy */ = {
			isa = PBXContainerItemProxy;
			containerPortal = F4371EEC1980D31600B79EC9 /* Project object */;
			proxyType = 1;
			remoteGlobalIDString = F4371EF31980D31600B79EC9;
			remoteInfo = CloudKitChat;
		};
		F4371F071980D31600B79EC9 /* PBXContainerItemProxy */ = {
			isa = PBXContainerItemProxy;
			containerPortal = F4371EEC1980D31600B79EC9 /* Project object */;
			proxyType = 1;
			remoteGlobalIDString = F4371EF31980D31600B79EC9;
			remoteInfo = CloudKitChat;
		};
/* End PBXContainerItemProxy section */

/* Begin PBXFileReference section */
		1ED74E8C6E6640FA91D8A25D /* libPods.a */ = {isa = PBXFileReference; explicitFileType = archive.ar; includeInIndex = 0; path = libPods.a; sourceTree = BUILT_PRODUCTS_DIR; };
		6EDD901E90E147BCA76C35B3 /* Pods.xcconfig */ = {isa = PBXFileReference; includeInIndex = 1; lastKnownFileType = text.xcconfig; name = Pods.xcconfig; path = Pods/Pods.xcconfig; sourceTree = "<group>"; };
		F410291C19A93427006B208D /* FindFriendsViewController.swift */ = {isa = PBXFileReference; fileEncoding = 4; lastKnownFileType = sourcecode.swift; path = FindFriendsViewController.swift; sourceTree = "<group>"; };
		F410291E19A93457006B208D /* ChatGroup.swift */ = {isa = PBXFileReference; fileEncoding = 4; lastKnownFileType = sourcecode.swift; name = ChatGroup.swift; path = Models/ChatGroup.swift; sourceTree = "<group>"; };
		F410291F19A93457006B208D /* Message.swift */ = {isa = PBXFileReference; fileEncoding = 4; lastKnownFileType = sourcecode.swift; name = Message.swift; path = Models/Message.swift; sourceTree = "<group>"; };
		F410292219A93481006B208D /* CloudKitManager.swift */ = {isa = PBXFileReference; fileEncoding = 4; lastKnownFileType = sourcecode.swift; name = CloudKitManager.swift; path = Utilities/CloudKitManager.swift; sourceTree = "<group>"; };
		F410292319A93481006B208D /* ErrorUtil.swift */ = {isa = PBXFileReference; fileEncoding = 4; lastKnownFileType = sourcecode.swift; name = ErrorUtil.swift; path = Utilities/ErrorUtil.swift; sourceTree = "<group>"; };
		F410292419A93481006B208D /* OutboxUtil.swift */ = {isa = PBXFileReference; fileEncoding = 4; lastKnownFileType = sourcecode.swift; name = OutboxUtil.swift; path = Utilities/OutboxUtil.swift; sourceTree = "<group>"; };
		F410292919A9B280006B208D /* FriendTableViewCell.swift */ = {isa = PBXFileReference; fileEncoding = 4; lastKnownFileType = sourcecode.swift; name = FriendTableViewCell.swift; path = Views/FriendTableViewCell.swift; sourceTree = "<group>"; };
		F410292B19A9DA68006B208D /* ChatGroupNameTableViewCell.swift */ = {isa = PBXFileReference; fileEncoding = 4; lastKnownFileType = sourcecode.swift; name = ChatGroupNameTableViewCell.swift; path = Views/ChatGroupNameTableViewCell.swift; sourceTree = "<group>"; };
		F4371EF41980D31600B79EC9 /* CloudKitChat.app */ = {isa = PBXFileReference; explicitFileType = wrapper.application; includeInIndex = 0; path = CloudKitChat.app; sourceTree = BUILT_PRODUCTS_DIR; };
		F4371EF81980D31600B79EC9 /* Info.plist */ = {isa = PBXFileReference; lastKnownFileType = text.plist.xml; path = Info.plist; sourceTree = "<group>"; };
		F4371EF91980D31600B79EC9 /* AppDelegate.swift */ = {isa = PBXFileReference; lastKnownFileType = sourcecode.swift; path = AppDelegate.swift; sourceTree = "<group>"; };
		F4371EFE1980D31600B79EC9 /* Base */ = {isa = PBXFileReference; lastKnownFileType = file.storyboard; name = Base; path = Base.lproj/Main.storyboard; sourceTree = "<group>"; };
		F4371F001980D31600B79EC9 /* Images.xcassets */ = {isa = PBXFileReference; lastKnownFileType = folder.assetcatalog; path = Images.xcassets; sourceTree = "<group>"; };
		F4371F061980D31600B79EC9 /* CloudKitChatTests.xctest */ = {isa = PBXFileReference; explicitFileType = wrapper.cfbundle; includeInIndex = 0; path = CloudKitChatTests.xctest; sourceTree = BUILT_PRODUCTS_DIR; };
		F4371F0B1980D31600B79EC9 /* Info.plist */ = {isa = PBXFileReference; lastKnownFileType = text.plist.xml; path = Info.plist; sourceTree = "<group>"; };
		F4371F0C1980D31600B79EC9 /* CloudKitChatTests.swift */ = {isa = PBXFileReference; lastKnownFileType = sourcecode.swift; path = CloudKitChatTests.swift; sourceTree = "<group>"; };
		F43C48BA1980D594005CA1F5 /* User.swift */ = {isa = PBXFileReference; fileEncoding = 4; lastKnownFileType = sourcecode.swift; name = User.swift; path = Models/User.swift; sourceTree = "<group>"; };
		F43C48BC1980D62A005CA1F5 /* CloudKitChat-Bridging-Header.h */ = {isa = PBXFileReference; lastKnownFileType = sourcecode.c.h; path = "CloudKitChat-Bridging-Header.h"; sourceTree = "<group>"; };
		F43C48C21980D86B005CA1F5 /* CloudKitChat.entitlements */ = {isa = PBXFileReference; lastKnownFileType = text.xml; path = CloudKitChat.entitlements; sourceTree = "<group>"; };
		F43C48C31980D876005CA1F5 /* CloudKit.framework */ = {isa = PBXFileReference; lastKnownFileType = wrapper.framework; name = CloudKit.framework; path = System/Library/Frameworks/CloudKit.framework; sourceTree = SDKROOT; };
		F43C48C9198240E6005CA1F5 /* CloudKitQueriable.swift */ = {isa = PBXFileReference; fileEncoding = 4; lastKnownFileType = sourcecode.swift; name = CloudKitQueriable.swift; path = Models/CloudKitQueriable.swift; sourceTree = "<group>"; };
		F441C60A199D5FF40068B065 /* FIXME.md */ = {isa = PBXFileReference; fileEncoding = 4; lastKnownFileType = net.daringfireball.markdown; path = FIXME.md; sourceTree = "<group>"; };
		F451FBD319AB002D0063AD28 /* AudioUtil.swift */ = {isa = PBXFileReference; fileEncoding = 4; lastKnownFileType = sourcecode.swift; name = AudioUtil.swift; path = Utilities/AudioUtil.swift; sourceTree = "<group>"; };
		F46DE30F1988749B0051899A /* IntroViewController.swift */ = {isa = PBXFileReference; fileEncoding = 4; lastKnownFileType = sourcecode.swift; path = IntroViewController.swift; sourceTree = "<group>"; };
		F4A2629A1986F1CB003AD7EB /* ChatCell.swift */ = {isa = PBXFileReference; fileEncoding = 4; lastKnownFileType = sourcecode.swift; name = ChatCell.swift; path = ChatUI/ChatCell.swift; sourceTree = "<group>"; };
		F4A2629B1986F1CB003AD7EB /* ChatViewController.swift */ = {isa = PBXFileReference; fileEncoding = 4; lastKnownFileType = sourcecode.swift; name = ChatViewController.swift; path = ChatUI/ChatViewController.swift; sourceTree = "<group>"; };
		F4A2629C1986F1CB003AD7EB /* MessageBubbleCell.swift */ = {isa = PBXFileReference; fileEncoding = 4; lastKnownFileType = sourcecode.swift; name = MessageBubbleCell.swift; path = ChatUI/MessageBubbleCell.swift; sourceTree = "<group>"; };
		F4A2629D1986F1CB003AD7EB /* MessageSentDateCell.swift */ = {isa = PBXFileReference; fileEncoding = 4; lastKnownFileType = sourcecode.swift; name = MessageSentDateCell.swift; path = ChatUI/MessageSentDateCell.swift; sourceTree = "<group>"; };
		F4A262A219877A75003AD7EB /* MessageIncoming.aiff */ = {isa = PBXFileReference; lastKnownFileType = audio.aiff; name = MessageIncoming.aiff; path = Resources/MessageIncoming.aiff; sourceTree = "<group>"; };
		F4A262A319877A75003AD7EB /* MessageOutgoing.aiff */ = {isa = PBXFileReference; lastKnownFileType = audio.aiff; name = MessageOutgoing.aiff; path = Resources/MessageOutgoing.aiff; sourceTree = "<group>"; };
		F4A262A919877F90003AD7EB /* ChatGroupViewController.swift */ = {isa = PBXFileReference; fileEncoding = 4; lastKnownFileType = sourcecode.swift; path = ChatGroupViewController.swift; sourceTree = "<group>"; };
		F4A262AB19878234003AD7EB /* CREDITS.md */ = {isa = PBXFileReference; fileEncoding = 4; lastKnownFileType = net.daringfireball.markdown; path = CREDITS.md; sourceTree = "<group>"; };
		F4BE40A91994358D005F068F /* Foundation.framework */ = {isa = PBXFileReference; lastKnownFileType = wrapper.framework; name = Foundation.framework; path = System/Library/Frameworks/Foundation.framework; sourceTree = SDKROOT; };
/* End PBXFileReference section */

/* Begin PBXFrameworksBuildPhase section */
		F4371EF11980D31600B79EC9 /* Frameworks */ = {
			isa = PBXFrameworksBuildPhase;
			buildActionMask = 2147483647;
			files = (
				F4BE40AA1994358D005F068F /* Foundation.framework in Frameworks */,
				8F880A6AD30945369E7090C4 /* libPods.a in Frameworks */,
				F43C48C41980D876005CA1F5 /* CloudKit.framework in Frameworks */,
			);
			runOnlyForDeploymentPostprocessing = 0;
		};
		F4371F031980D31600B79EC9 /* Frameworks */ = {
			isa = PBXFrameworksBuildPhase;
			buildActionMask = 2147483647;
			files = (
			);
			runOnlyForDeploymentPostprocessing = 0;
		};
/* End PBXFrameworksBuildPhase section */

/* Begin PBXGroup section */
		8D3B0A558EE54344A75FD4CD /* Frameworks */ = {
			isa = PBXGroup;
			children = (
				F4BE40A91994358D005F068F /* Foundation.framework */,
				F43C48C31980D876005CA1F5 /* CloudKit.framework */,
				1ED74E8C6E6640FA91D8A25D /* libPods.a */,
			);
			name = Frameworks;
			sourceTree = "<group>";
		};
		F410292819A9B253006B208D /* Views */ = {
			isa = PBXGroup;
			children = (
				F410292919A9B280006B208D /* FriendTableViewCell.swift */,
				F410292B19A9DA68006B208D /* ChatGroupNameTableViewCell.swift */,
			);
			name = Views;
			sourceTree = "<group>";
		};
		F4371EEB1980D31600B79EC9 = {
			isa = PBXGroup;
			children = (
				F4371EF61980D31600B79EC9 /* CloudKitChat */,
				F4371F091980D31600B79EC9 /* CloudKitChatTests */,
				F4371EF51980D31600B79EC9 /* Products */,
				6EDD901E90E147BCA76C35B3 /* Pods.xcconfig */,
				8D3B0A558EE54344A75FD4CD /* Frameworks */,
			);
			sourceTree = "<group>";
		};
		F4371EF51980D31600B79EC9 /* Products */ = {
			isa = PBXGroup;
			children = (
				F4371EF41980D31600B79EC9 /* CloudKitChat.app */,
				F4371F061980D31600B79EC9 /* CloudKitChatTests.xctest */,
			);
			name = Products;
			sourceTree = "<group>";
		};
		F4371EF61980D31600B79EC9 /* CloudKitChat */ = {
			isa = PBXGroup;
			children = (
				F43C48C21980D86B005CA1F5 /* CloudKitChat.entitlements */,
				F4371EF91980D31600B79EC9 /* AppDelegate.swift */,
				F46DE30F1988749B0051899A /* IntroViewController.swift */,
				F4A262A919877F90003AD7EB /* ChatGroupViewController.swift */,
				F410291C19A93427006B208D /* FindFriendsViewController.swift */,
				F4371EFD1980D31600B79EC9 /* Main.storyboard */,
				F4371F001980D31600B79EC9 /* Images.xcassets */,
				F43C48B71980D52D005CA1F5 /* Models */,
				F410292819A9B253006B208D /* Views */,
				F4A262991986F1B7003AD7EB /* ChatUI */,
				F4A262A619877BB1003AD7EB /* Resources */,
				F4371EF71980D31600B79EC9 /* Supporting Files */,
			);
			path = CloudKitChat;
			sourceTree = "<group>";
		};
		F4371EF71980D31600B79EC9 /* Supporting Files */ = {
			isa = PBXGroup;
			children = (
				F4371EF81980D31600B79EC9 /* Info.plist */,
				F43C48BC1980D62A005CA1F5 /* CloudKitChat-Bridging-Header.h */,
				F410292219A93481006B208D /* CloudKitManager.swift */,
				F410292319A93481006B208D /* ErrorUtil.swift */,
				F410292419A93481006B208D /* OutboxUtil.swift */,
				F451FBD319AB002D0063AD28 /* AudioUtil.swift */,
				F4A262AB19878234003AD7EB /* CREDITS.md */,
				F441C60A199D5FF40068B065 /* FIXME.md */,
			);
			name = "Supporting Files";
			sourceTree = "<group>";
		};
		F4371F091980D31600B79EC9 /* CloudKitChatTests */ = {
			isa = PBXGroup;
			children = (
				F4371F0C1980D31600B79EC9 /* CloudKitChatTests.swift */,
				F4371F0A1980D31600B79EC9 /* Supporting Files */,
			);
			path = CloudKitChatTests;
			sourceTree = "<group>";
		};
		F4371F0A1980D31600B79EC9 /* Supporting Files */ = {
			isa = PBXGroup;
			children = (
				F4371F0B1980D31600B79EC9 /* Info.plist */,
			);
			name = "Supporting Files";
			sourceTree = "<group>";
		};
		F43C48B71980D52D005CA1F5 /* Models */ = {
			isa = PBXGroup;
			children = (
				F43C48BA1980D594005CA1F5 /* User.swift */,
				F410291E19A93457006B208D /* ChatGroup.swift */,
				F410291F19A93457006B208D /* Message.swift */,
				F43C48C9198240E6005CA1F5 /* CloudKitQueriable.swift */,
			);
			name = Models;
			sourceTree = "<group>";
		};
		F4A262991986F1B7003AD7EB /* ChatUI */ = {
			isa = PBXGroup;
			children = (
				F4A2629B1986F1CB003AD7EB /* ChatViewController.swift */,
				F4A2629A1986F1CB003AD7EB /* ChatCell.swift */,
				F4A2629C1986F1CB003AD7EB /* MessageBubbleCell.swift */,
				F4A2629D1986F1CB003AD7EB /* MessageSentDateCell.swift */,
			);
			name = ChatUI;
			sourceTree = "<group>";
		};
		F4A262A619877BB1003AD7EB /* Resources */ = {
			isa = PBXGroup;
			children = (
				F4A262A219877A75003AD7EB /* MessageIncoming.aiff */,
				F4A262A319877A75003AD7EB /* MessageOutgoing.aiff */,
			);
			name = Resources;
			sourceTree = "<group>";
		};
/* End PBXGroup section */

/* Begin PBXNativeTarget section */
		F4371EF31980D31600B79EC9 /* CloudKitChat */ = {
			isa = PBXNativeTarget;
			buildConfigurationList = F4371F101980D31600B79EC9 /* Build configuration list for PBXNativeTarget "CloudKitChat" */;
			buildPhases = (
				FDCF4214DEB34F1B906545DC /* Check Pods Manifest.lock */,
				F4371EF01980D31600B79EC9 /* Sources */,
				F4371EF11980D31600B79EC9 /* Frameworks */,
				F4371EF21980D31600B79EC9 /* Resources */,
				F40EB69C7509470EB0089062 /* Copy Pods Resources */,
			);
			buildRules = (
			);
			dependencies = (
			);
			name = CloudKitChat;
			productName = CloudKitChat;
			productReference = F4371EF41980D31600B79EC9 /* CloudKitChat.app */;
			productType = "com.apple.product-type.application";
		};
		F4371F051980D31600B79EC9 /* CloudKitChatTests */ = {
			isa = PBXNativeTarget;
			buildConfigurationList = F4371F131980D31600B79EC9 /* Build configuration list for PBXNativeTarget "CloudKitChatTests" */;
			buildPhases = (
				F4371F021980D31600B79EC9 /* Sources */,
				F4371F031980D31600B79EC9 /* Frameworks */,
				F4371F041980D31600B79EC9 /* Resources */,
			);
			buildRules = (
			);
			dependencies = (
				F4371F081980D31600B79EC9 /* PBXTargetDependency */,
				F427FDA71982CF2400D9A225 /* PBXTargetDependency */,
				F427FDA91982CF2400D9A225 /* PBXTargetDependency */,
				F427FDAB1982CF2800D9A225 /* PBXTargetDependency */,
				F427FDAD1982CF2B00D9A225 /* PBXTargetDependency */,
				F427FDAF198317F800D9A225 /* PBXTargetDependency */,
				F427FDB11984F2FE00D9A225 /* PBXTargetDependency */,
				F427FDB31984F2FE00D9A225 /* PBXTargetDependency */,
				F427FDB51984F30300D9A225 /* PBXTargetDependency */,
			);
			name = CloudKitChatTests;
			productName = CloudKitChatTests;
			productReference = F4371F061980D31600B79EC9 /* CloudKitChatTests.xctest */;
			productType = "com.apple.product-type.bundle.unit-test";
		};
/* End PBXNativeTarget section */

/* Begin PBXProject section */
		F4371EEC1980D31600B79EC9 /* Project object */ = {
			isa = PBXProject;
			attributes = {
				LastUpgradeCheck = 0600;
				ORGANIZATIONNAME = DJ.Ben;
				TargetAttributes = {
					F4371EF31980D31600B79EC9 = {
						CreatedOnToolsVersion = 6.0;
						DevelopmentTeam = 52RD2GH5DP;
						SystemCapabilities = {
							com.apple.BackgroundModes = {
								enabled = 1;
							};
							com.apple.iCloud = {
								enabled = 1;
							};
						};
					};
					F4371F051980D31600B79EC9 = {
						CreatedOnToolsVersion = 6.0;
						TestTargetID = F4371EF31980D31600B79EC9;
					};
				};
			};
			buildConfigurationList = F4371EEF1980D31600B79EC9 /* Build configuration list for PBXProject "CloudKitChat" */;
			compatibilityVersion = "Xcode 3.2";
			developmentRegion = English;
			hasScannedForEncodings = 0;
			knownRegions = (
				en,
				Base,
			);
			mainGroup = F4371EEB1980D31600B79EC9;
			productRefGroup = F4371EF51980D31600B79EC9 /* Products */;
			projectDirPath = "";
			projectRoot = "";
			targets = (
				F4371EF31980D31600B79EC9 /* CloudKitChat */,
				F4371F051980D31600B79EC9 /* CloudKitChatTests */,
			);
		};
/* End PBXProject section */

/* Begin PBXResourcesBuildPhase section */
		F4371EF21980D31600B79EC9 /* Resources */ = {
			isa = PBXResourcesBuildPhase;
			buildActionMask = 2147483647;
			files = (
				F4371EFF1980D31600B79EC9 /* Main.storyboard in Resources */,
				F4A262A519877A75003AD7EB /* MessageOutgoing.aiff in Resources */,
				F4371F011980D31600B79EC9 /* Images.xcassets in Resources */,
				F4A262A419877A75003AD7EB /* MessageIncoming.aiff in Resources */,
			);
			runOnlyForDeploymentPostprocessing = 0;
		};
		F4371F041980D31600B79EC9 /* Resources */ = {
			isa = PBXResourcesBuildPhase;
			buildActionMask = 2147483647;
			files = (
			);
			runOnlyForDeploymentPostprocessing = 0;
		};
/* End PBXResourcesBuildPhase section */

/* Begin PBXShellScriptBuildPhase section */
		F40EB69C7509470EB0089062 /* Copy Pods Resources */ = {
			isa = PBXShellScriptBuildPhase;
			buildActionMask = 2147483647;
			files = (
			);
			inputPaths = (
			);
			name = "Copy Pods Resources";
			outputPaths = (
			);
			runOnlyForDeploymentPostprocessing = 0;
			shellPath = /bin/sh;
			shellScript = "\"${SRCROOT}/Pods/Pods-resources.sh\"\n";
			showEnvVarsInLog = 0;
		};
		FDCF4214DEB34F1B906545DC /* Check Pods Manifest.lock */ = {
			isa = PBXShellScriptBuildPhase;
			buildActionMask = 2147483647;
			files = (
			);
			inputPaths = (
			);
			name = "Check Pods Manifest.lock";
			outputPaths = (
			);
			runOnlyForDeploymentPostprocessing = 0;
			shellPath = /bin/sh;
			shellScript = "diff \"${PODS_ROOT}/../Podfile.lock\" \"${PODS_ROOT}/Manifest.lock\" > /dev/null\nif [[ $? != 0 ]] ; then\n    cat << EOM\nerror: The sandbox is not in sync with the Podfile.lock. Run 'pod install' or update your CocoaPods installation.\nEOM\n    exit 1\nfi\n";
			showEnvVarsInLog = 0;
		};
/* End PBXShellScriptBuildPhase section */

/* Begin PBXSourcesBuildPhase section */
		F4371EF01980D31600B79EC9 /* Sources */ = {
			isa = PBXSourcesBuildPhase;
			buildActionMask = 2147483647;
			files = (
				F451FBD419AB002D0063AD28 /* AudioUtil.swift in Sources */,
				F43C48BB1980D594005CA1F5 /* User.swift in Sources */,
				F4A262A11986F1CB003AD7EB /* MessageSentDateCell.swift in Sources */,
				F4A2629E1986F1CB003AD7EB /* ChatCell.swift in Sources */,
				F410292119A93457006B208D /* Message.swift in Sources */,
				F46DE3101988749B0051899A /* IntroViewController.swift in Sources */,
				F43C48CA198240E6005CA1F5 /* CloudKitQueriable.swift in Sources */,
				F410291D19A93427006B208D /* FindFriendsViewController.swift in Sources */,
				F410292019A93457006B208D /* ChatGroup.swift in Sources */,
				F4371EFA1980D31600B79EC9 /* AppDelegate.swift in Sources */,
				F4A2629F1986F1CB003AD7EB /* ChatViewController.swift in Sources */,
				F4A262A01986F1CB003AD7EB /* MessageBubbleCell.swift in Sources */,
				F4A262AA19877F90003AD7EB /* ChatGroupViewController.swift in Sources */,
				F410292619A93481006B208D /* ErrorUtil.swift in Sources */,
				F410292719A93481006B208D /* OutboxUtil.swift in Sources */,
				F410292519A93481006B208D /* CloudKitManager.swift in Sources */,
				F410292A19A9B280006B208D /* FriendTableViewCell.swift in Sources */,
				F410292C19A9DA68006B208D /* ChatGroupNameTableViewCell.swift in Sources */,
			);
			runOnlyForDeploymentPostprocessing = 0;
		};
		F4371F021980D31600B79EC9 /* Sources */ = {
			isa = PBXSourcesBuildPhase;
			buildActionMask = 2147483647;
			files = (
				F4371F0D1980D31600B79EC9 /* CloudKitChatTests.swift in Sources */,
			);
			runOnlyForDeploymentPostprocessing = 0;
		};
/* End PBXSourcesBuildPhase section */

/* Begin PBXTargetDependency section */
		F427FDA71982CF2400D9A225 /* PBXTargetDependency */ = {
			isa = PBXTargetDependency;
			target = F4371EF31980D31600B79EC9 /* CloudKitChat */;
			targetProxy = F427FDA61982CF2400D9A225 /* PBXContainerItemProxy */;
		};
		F427FDA91982CF2400D9A225 /* PBXTargetDependency */ = {
			isa = PBXTargetDependency;
			target = F4371EF31980D31600B79EC9 /* CloudKitChat */;
			targetProxy = F427FDA81982CF2400D9A225 /* PBXContainerItemProxy */;
		};
		F427FDAB1982CF2800D9A225 /* PBXTargetDependency */ = {
			isa = PBXTargetDependency;
			target = F4371EF31980D31600B79EC9 /* CloudKitChat */;
			targetProxy = F427FDAA1982CF2800D9A225 /* PBXContainerItemProxy */;
		};
		F427FDAD1982CF2B00D9A225 /* PBXTargetDependency */ = {
			isa = PBXTargetDependency;
			target = F4371EF31980D31600B79EC9 /* CloudKitChat */;
			targetProxy = F427FDAC1982CF2B00D9A225 /* PBXContainerItemProxy */;
		};
		F427FDAF198317F800D9A225 /* PBXTargetDependency */ = {
			isa = PBXTargetDependency;
			target = F4371EF31980D31600B79EC9 /* CloudKitChat */;
			targetProxy = F427FDAE198317F800D9A225 /* PBXContainerItemProxy */;
		};
		F427FDB11984F2FE00D9A225 /* PBXTargetDependency */ = {
			isa = PBXTargetDependency;
			target = F4371EF31980D31600B79EC9 /* CloudKitChat */;
			targetProxy = F427FDB01984F2FE00D9A225 /* PBXContainerItemProxy */;
		};
		F427FDB31984F2FE00D9A225 /* PBXTargetDependency */ = {
			isa = PBXTargetDependency;
			target = F4371EF31980D31600B79EC9 /* CloudKitChat */;
			targetProxy = F427FDB21984F2FE00D9A225 /* PBXContainerItemProxy */;
		};
		F427FDB51984F30300D9A225 /* PBXTargetDependency */ = {
			isa = PBXTargetDependency;
			target = F4371EF31980D31600B79EC9 /* CloudKitChat */;
			targetProxy = F427FDB41984F30300D9A225 /* PBXContainerItemProxy */;
		};
		F4371F081980D31600B79EC9 /* PBXTargetDependency */ = {
			isa = PBXTargetDependency;
			target = F4371EF31980D31600B79EC9 /* CloudKitChat */;
			targetProxy = F4371F071980D31600B79EC9 /* PBXContainerItemProxy */;
		};
/* End PBXTargetDependency section */

/* Begin PBXVariantGroup section */
		F4371EFD1980D31600B79EC9 /* Main.storyboard */ = {
			isa = PBXVariantGroup;
			children = (
				F4371EFE1980D31600B79EC9 /* Base */,
			);
			name = Main.storyboard;
			sourceTree = "<group>";
		};
/* End PBXVariantGroup section */

/* Begin XCBuildConfiguration section */
		F4371F0E1980D31600B79EC9 /* Debug */ = {
			isa = XCBuildConfiguration;
			buildSettings = {
				ALWAYS_SEARCH_USER_PATHS = NO;
				CLANG_CXX_LANGUAGE_STANDARD = "gnu++0x";
				CLANG_CXX_LIBRARY = "libc++";
				CLANG_ENABLE_MODULES = YES;
				CLANG_ENABLE_OBJC_ARC = YES;
				CLANG_WARN_BOOL_CONVERSION = YES;
				CLANG_WARN_CONSTANT_CONVERSION = YES;
				CLANG_WARN_DIRECT_OBJC_ISA_USAGE = YES_ERROR;
				CLANG_WARN_EMPTY_BODY = YES;
				CLANG_WARN_ENUM_CONVERSION = YES;
				CLANG_WARN_INT_CONVERSION = YES;
				CLANG_WARN_OBJC_ROOT_CLASS = YES_ERROR;
				CLANG_WARN_UNREACHABLE_CODE = YES;
				CLANG_WARN__DUPLICATE_METHOD_MATCH = YES;
				"CODE_SIGN_IDENTITY[sdk=iphoneos*]" = "iPhone Developer";
				COPY_PHASE_STRIP = NO;
				ENABLE_STRICT_OBJC_MSGSEND = YES;
				GCC_C_LANGUAGE_STANDARD = gnu99;
				GCC_DYNAMIC_NO_PIC = NO;
				GCC_OPTIMIZATION_LEVEL = 0;
				GCC_PREPROCESSOR_DEFINITIONS = (
					"DEBUG=1",
					"$(inherited)",
				);
				GCC_SYMBOLS_PRIVATE_EXTERN = NO;
				GCC_WARN_64_TO_32_BIT_CONVERSION = YES;
				GCC_WARN_ABOUT_RETURN_TYPE = YES_ERROR;
				GCC_WARN_UNDECLARED_SELECTOR = YES;
				GCC_WARN_UNINITIALIZED_AUTOS = YES_AGGRESSIVE;
				GCC_WARN_UNUSED_FUNCTION = YES;
				GCC_WARN_UNUSED_VARIABLE = YES;
				IPHONEOS_DEPLOYMENT_TARGET = 8.0;
				MTL_ENABLE_DEBUG_INFO = YES;
				ONLY_ACTIVE_ARCH = YES;
				SDKROOT = iphoneos;
				SWIFT_OPTIMIZATION_LEVEL = "-Onone";
			};
			name = Debug;
		};
		F4371F0F1980D31600B79EC9 /* Release */ = {
			isa = XCBuildConfiguration;
			buildSettings = {
				ALWAYS_SEARCH_USER_PATHS = NO;
				CLANG_CXX_LANGUAGE_STANDARD = "gnu++0x";
				CLANG_CXX_LIBRARY = "libc++";
				CLANG_ENABLE_MODULES = YES;
				CLANG_ENABLE_OBJC_ARC = YES;
				CLANG_WARN_BOOL_CONVERSION = YES;
				CLANG_WARN_CONSTANT_CONVERSION = YES;
				CLANG_WARN_DIRECT_OBJC_ISA_USAGE = YES_ERROR;
				CLANG_WARN_EMPTY_BODY = YES;
				CLANG_WARN_ENUM_CONVERSION = YES;
				CLANG_WARN_INT_CONVERSION = YES;
				CLANG_WARN_OBJC_ROOT_CLASS = YES_ERROR;
				CLANG_WARN_UNREACHABLE_CODE = YES;
				CLANG_WARN__DUPLICATE_METHOD_MATCH = YES;
				"CODE_SIGN_IDENTITY[sdk=iphoneos*]" = "iPhone Developer";
				COPY_PHASE_STRIP = YES;
				ENABLE_NS_ASSERTIONS = NO;
				ENABLE_STRICT_OBJC_MSGSEND = YES;
				GCC_C_LANGUAGE_STANDARD = gnu99;
				GCC_WARN_64_TO_32_BIT_CONVERSION = YES;
				GCC_WARN_ABOUT_RETURN_TYPE = YES_ERROR;
				GCC_WARN_UNDECLARED_SELECTOR = YES;
				GCC_WARN_UNINITIALIZED_AUTOS = YES_AGGRESSIVE;
				GCC_WARN_UNUSED_FUNCTION = YES;
				GCC_WARN_UNUSED_VARIABLE = YES;
				IPHONEOS_DEPLOYMENT_TARGET = 8.0;
				MTL_ENABLE_DEBUG_INFO = NO;
				SDKROOT = iphoneos;
				VALIDATE_PRODUCT = YES;
			};
			name = Release;
		};
		F4371F111980D31600B79EC9 /* Debug */ = {
			isa = XCBuildConfiguration;
			baseConfigurationReference = 6EDD901E90E147BCA76C35B3 /* Pods.xcconfig */;
			buildSettings = {
				ASSETCATALOG_COMPILER_APPICON_NAME = AppIcon;
				ASSETCATALOG_COMPILER_LAUNCHIMAGE_NAME = LaunchImage;
				CLANG_ENABLE_MODULES = YES;
				CODE_SIGN_ENTITLEMENTS = CloudKitChat/CloudKitChat.entitlements;
				CODE_SIGN_IDENTITY = "iPhone Developer";
				"CODE_SIGN_IDENTITY[sdk=iphoneos*]" = "iPhone Developer";
				INFOPLIST_FILE = CloudKitChat/Info.plist;
				LD_RUNPATH_SEARCH_PATHS = "$(inherited) @executable_path/Frameworks";
				PRODUCT_NAME = "$(TARGET_NAME)";
				PROVISIONING_PROFILE = "";
				SWIFT_OBJC_BRIDGING_HEADER = "CloudKitChat/CloudKitChat-Bridging-Header.h";
				SWIFT_OPTIMIZATION_LEVEL = "-Onone";
			};
			name = Debug;
		};
		F4371F121980D31600B79EC9 /* Release */ = {
			isa = XCBuildConfiguration;
			baseConfigurationReference = 6EDD901E90E147BCA76C35B3 /* Pods.xcconfig */;
			buildSettings = {
				ASSETCATALOG_COMPILER_APPICON_NAME = AppIcon;
				ASSETCATALOG_COMPILER_LAUNCHIMAGE_NAME = LaunchImage;
				CLANG_ENABLE_MODULES = YES;
				CODE_SIGN_ENTITLEMENTS = CloudKitChat/CloudKitChat.entitlements;
				CODE_SIGN_IDENTITY = "iPhone Developer";
				"CODE_SIGN_IDENTITY[sdk=iphoneos*]" = "iPhone Developer";
				INFOPLIST_FILE = CloudKitChat/Info.plist;
				LD_RUNPATH_SEARCH_PATHS = "$(inherited) @executable_path/Frameworks";
				PRODUCT_NAME = "$(TARGET_NAME)";
				PROVISIONING_PROFILE = "";
				SWIFT_OBJC_BRIDGING_HEADER = "CloudKitChat/CloudKitChat-Bridging-Header.h";
			};
			name = Release;
		};
		F4371F141980D31600B79EC9 /* Debug */ = {
			isa = XCBuildConfiguration;
			buildSettings = {
				BUNDLE_LOADER = "$(BUILT_PRODUCTS_DIR)/CloudKitChat.app/CloudKitChat";
				FRAMEWORK_SEARCH_PATHS = (
					"$(SDKROOT)/Developer/Library/Frameworks",
					"$(inherited)",
				);
				GCC_PREPROCESSOR_DEFINITIONS = (
					"DEBUG=1",
					"$(inherited)",
				);
				INFOPLIST_FILE = CloudKitChatTests/Info.plist;
				LD_RUNPATH_SEARCH_PATHS = "$(inherited) @executable_path/Frameworks @loader_path/Frameworks";
				PRODUCT_NAME = "$(TARGET_NAME)";
				TEST_HOST = "$(BUNDLE_LOADER)";
			};
			name = Debug;
		};
		F4371F151980D31600B79EC9 /* Release */ = {
			isa = XCBuildConfiguration;
			buildSettings = {
				BUNDLE_LOADER = "$(BUILT_PRODUCTS_DIR)/CloudKitChat.app/CloudKitChat";
				FRAMEWORK_SEARCH_PATHS = (
					"$(SDKROOT)/Developer/Library/Frameworks",
					"$(inherited)",
				);
				INFOPLIST_FILE = CloudKitChatTests/Info.plist;
				LD_RUNPATH_SEARCH_PATHS = "$(inherited) @executable_path/Frameworks @loader_path/Frameworks";
				PRODUCT_NAME = "$(TARGET_NAME)";
				TEST_HOST = "$(BUNDLE_LOADER)";
			};
			name = Release;
		};
/* End XCBuildConfiguration section */

/* Begin XCConfigurationList section */
		F4371EEF1980D31600B79EC9 /* Build configuration list for PBXProject "CloudKitChat" */ = {
			isa = XCConfigurationList;
			buildConfigurations = (
				F4371F0E1980D31600B79EC9 /* Debug */,
				F4371F0F1980D31600B79EC9 /* Release */,
			);
			defaultConfigurationIsVisible = 0;
			defaultConfigurationName = Release;
		};
		F4371F101980D31600B79EC9 /* Build configuration list for PBXNativeTarget "CloudKitChat" */ = {
			isa = XCConfigurationList;
			buildConfigurations = (
				F4371F111980D31600B79EC9 /* Debug */,
				F4371F121980D31600B79EC9 /* Release */,
			);
			defaultConfigurationIsVisible = 0;
			defaultConfigurationName = Release;
		};
		F4371F131980D31600B79EC9 /* Build configuration list for PBXNativeTarget "CloudKitChatTests" */ = {
			isa = XCConfigurationList;
			buildConfigurations = (
				F4371F141980D31600B79EC9 /* Debug */,
				F4371F151980D31600B79EC9 /* Release */,
			);
			defaultConfigurationIsVisible = 0;
			defaultConfigurationName = Release;
		};
/* End XCConfigurationList section */
	};
	rootObject = F4371EEC1980D31600B79EC9 /* Project object */;
}
